
Microsoft Visual Studio Solution File, Format Version 12.00
# Visual Studio 14
VisualStudioVersion = 14.0.25420.1
MinimumVisualStudioVersion = 10.0.40219.1
Project("{FAE04EC0-301F-11D3-BF4B-00C04F79EFBC}") = "DataSetToXml", "DataSetToXml\DataSetToXml.csproj", "{76EB6F0C-7EAE-4AF7-B80C-4E3D7B1B3735}"
EndProject
Project("{FAE04EC0-301F-11D3-BF4B-00C04F79EFBC}") = "DataSetToXml.Tests", "DataSetToXml.Tests\DataSetToXml.Tests.csproj", "{8A19F3D2-F58B-48A7-97B0-52752C69BFC7}"
EndProject
Project("{FAE04EC0-301F-11D3-BF4B-00C04F79EFBC}") = "DataSetToXml.UI", "DataSetToXml.UI\DataSetToXml.UI.csproj", "{1107DE2D-FF34-4FD0-A272-359F17E0ADD1}"
EndProject
Global
	GlobalSection(SolutionConfigurationPlatforms) = preSolution
		Debug|Any CPU = Debug|Any CPU
		Release|Any CPU = Release|Any CPU
	EndGlobalSection
	GlobalSection(ProjectConfigurationPlatforms) = postSolution
		{76EB6F0C-7EAE-4AF7-B80C-4E3D7B1B3735}.Debug|Any CPU.ActiveCfg = Debug|Any CPU
		{76EB6F0C-7EAE-4AF7-B80C-4E3D7B1B3735}.Debug|Any CPU.Build.0 = Debug|Any CPU
		{76EB6F0C-7EAE-4AF7-B80C-4E3D7B1B3735}.Release|Any CPU.ActiveCfg = Release|Any CPU
		{76EB6F0C-7EAE-4AF7-B80C-4E3D7B1B3735}.Release|Any CPU.Build.0 = Release|Any CPU
		{8A19F3D2-F58B-48A7-97B0-52752C69BFC7}.Debug|Any CPU.ActiveCfg = Debug|Any CPU
		{8A19F3D2-F58B-48A7-97B0-52752C69BFC7}.Debug|Any CPU.Build.0 = Debug|Any CPU
		{8A19F3D2-F58B-48A7-97B0-52752C69BFC7}.Release|Any CPU.ActiveCfg = Release|Any CPU
		{8A19F3D2-F58B-48A7-97B0-52752C69BFC7}.Release|Any CPU.Build.0 = Release|Any CPU
		{1107DE2D-FF34-4FD0-A272-359F17E0ADD1}.Debug|Any CPU.ActiveCfg = Debug|Any CPU
		{1107DE2D-FF34-4FD0-A272-359F17E0ADD1}.Debug|Any CPU.Build.0 = Debug|Any CPU
		{1107DE2D-FF34-4FD0-A272-359F17E0ADD1}.Release|Any CPU.ActiveCfg = Release|Any CPU
		{1107DE2D-FF34-4FD0-A272-359F17E0ADD1}.Release|Any CPU.Build.0 = Release|Any CPU
	EndGlobalSection
	GlobalSection(SolutionProperties) = preSolution
		HideSolutionNode = FALSE
	EndGlobalSection
EndGlobal
